
Microsoft Visual Studio Solution File, Format Version 12.00
# Visual Studio Version 17
VisualStudioVersion = 17.5.33627.172
MinimumVisualStudioVersion = 10.0.40219.1
Project("{2150E333-8FDC-42A3-9474-1A3956D46DE8}") = "FRONT", "FRONT", "{9BD97A2C-C82E-4BBB-8BF5-E82C5821EDD7}"
EndProject
Project("{2150E333-8FDC-42A3-9474-1A3956D46DE8}") = "MENU", "MENU", "{1BB944C9-68E3-4F02-BDC0-5A4C7571308D}"
EndProject
Project("{9A19103F-16F7-4668-BE54-9A1E7A4F7556}") = "BlazorClientHelper", "Menu\BlazorClientHelper\BlazorClientHelper.csproj", "{2FD89E72-7B96-44D2-934F-8F0BF5B2E96E}"
EndProject
Project("{9A19103F-16F7-4668-BE54-9A1E7A4F7556}") = "BlazorMenu", "Menu\BlazorMenu\BlazorMenu.csproj", "{4B2085F9-C333-4E98-A1E6-0888172C9267}"
EndProject
Project("{778DAE3C-4631-46EA-AA77-85C1314464D9}") = "BlazorMenuCommon", "Menu\BlazorMenuCommon\BlazorMenuCommon.vbproj", "{E734D409-DAF4-4EFA-90E2-AFF28E814C26}"
EndProject
Project("{2150E333-8FDC-42A3-9474-1A3956D46DE8}") = "GSM04000 - Department", "GSM04000 - Department", "{AD993E08-03E9-437B-BAF7-EBC0244F7265}"
EndProject
Project("{9A19103F-16F7-4668-BE54-9A1E7A4F7556}") = "GSM04000Common", "COMMON\GS\GSM04000Common\GSM04000Common.csproj", "{F00A64E5-FAA9-4D27-8EE0-3039878B60DD}"
EndProject
Project("{2150E333-8FDC-42A3-9474-1A3956D46DE8}") = "PUBLIC_LOOKUP_FRONT", "PUBLIC_LOOKUP_FRONT", "{0AAC33F2-4969-4300-B43D-F503C58AF6F4}"
EndProject
Project("{9A19103F-16F7-4668-BE54-9A1E7A4F7556}") = "Lookup_GSCOMMON", "..\..\BS Shared Form\SOURCE\BACK\Lookup_GSCOMMON\Lookup_GSCOMMON.csproj", "{0D3B103D-5A6E-4BDD-972E-F47802A0260B}"
EndProject
Project("{9A19103F-16F7-4668-BE54-9A1E7A4F7556}") = "Lookup_GSModel", "..\..\BS Shared Form\SOURCE\FRONT\Lookup_GSModel\Lookup_GSModel.csproj", "{E5434F2E-6311-4EC7-B38E-7277089225A5}"
EndProject
Project("{9A19103F-16F7-4668-BE54-9A1E7A4F7556}") = "Lookup_GSFRONT", "..\..\BS Shared Form\SOURCE\FRONT\Lookup_GSFRONT\Lookup_GSFRONT.csproj", "{E38332BE-FD58-4BC0-AA6D-CD7BA216014A}"
EndProject
Project("{2150E333-8FDC-42A3-9474-1A3956D46DE8}") = "ACTIVEINACTIVE", "ACTIVEINACTIVE", "{70569B58-467C-4A02-957D-127BD6A9CF8F}"
EndProject
Project("{9A19103F-16F7-4668-BE54-9A1E7A4F7556}") = "GFF00900FRONT", "..\..\BS Shared Form\SOURCE\FRONT\GFF00900FRONT\GFF00900FRONT.csproj", "{916DCA50-5C57-4A23-A105-D43933FE7D2F}"
EndProject
Project("{9A19103F-16F7-4668-BE54-9A1E7A4F7556}") = "GFF00900FrontResources", "..\..\BS Shared Form\SOURCE\FRONT\GFF00900FrontResources\GFF00900FrontResources.csproj", "{1EDF45EB-9962-4A8B-B8F7-DF111D13CDA2}"
EndProject
Project("{9A19103F-16F7-4668-BE54-9A1E7A4F7556}") = "GFF00900Model", "..\..\BS Shared Form\SOURCE\FRONT\GFF00900Model\GFF00900Model.csproj", "{682F9534-A3D8-40CF-8B2E-EC5D414455B0}"
EndProject
Project("{9A19103F-16F7-4668-BE54-9A1E7A4F7556}") = "GFF00900COMMON", "..\..\BS Shared Form\SOURCE\BACK\GFF00900COMMON\GFF00900COMMON.csproj", "{DB445B1C-FA9A-4BE3-A9B2-187FAB2A33AC}"
EndProject
Project("{2150E333-8FDC-42A3-9474-1A3956D46DE8}") = "LMM00200 - User Param", "LMM00200 - User Param", "{278E284F-D777-49DE-99BC-065EBED7CCC3}"
EndProject
Project("{9A19103F-16F7-4668-BE54-9A1E7A4F7556}") = "LMM00200Common", "COMMON\LM\LMM00200Common\LMM00200Common.csproj", "{74228211-7A54-45E0-B19A-10902817CDB0}"
EndProject
Project("{9A19103F-16F7-4668-BE54-9A1E7A4F7556}") = "LMM00200Model", "FRONT\LMM00200Model\LMM00200Model.csproj", "{57CE6865-373D-4E90-9E43-9FB3787BA8F1}"
EndProject
Project("{9A19103F-16F7-4668-BE54-9A1E7A4F7556}") = "LMM00200Front", "FRONT\LMM00200Front\LMM00200Front.csproj", "{2A53787D-8710-43EE-B0CF-DA3CAD897F5A}"
EndProject
Project("{9A19103F-16F7-4668-BE54-9A1E7A4F7556}") = "GSM04000Front", "FRONT\GSM04000FRONT\GSM04000Front.csproj", "{EDF1E27B-7982-4124-800A-98E6F2F6463C}"
EndProject
Project("{9A19103F-16F7-4668-BE54-9A1E7A4F7556}") = "GSM04000Model", "FRONT\GSM04000MODEL\GSM04000Model.csproj", "{442D654B-504C-40F9-A373-10BD2202DE8F}"
EndProject
Global
	GlobalSection(SolutionConfigurationPlatforms) = preSolution
		Debug|Any CPU = Debug|Any CPU
		Release|Any CPU = Release|Any CPU
	EndGlobalSection
	GlobalSection(ProjectConfigurationPlatforms) = postSolution
		{2FD89E72-7B96-44D2-934F-8F0BF5B2E96E}.Debug|Any CPU.ActiveCfg = Debug|Any CPU
		{2FD89E72-7B96-44D2-934F-8F0BF5B2E96E}.Debug|Any CPU.Build.0 = Debug|Any CPU
		{2FD89E72-7B96-44D2-934F-8F0BF5B2E96E}.Release|Any CPU.ActiveCfg = Release|Any CPU
		{2FD89E72-7B96-44D2-934F-8F0BF5B2E96E}.Release|Any CPU.Build.0 = Release|Any CPU
		{4B2085F9-C333-4E98-A1E6-0888172C9267}.Debug|Any CPU.ActiveCfg = Debug|Any CPU
		{4B2085F9-C333-4E98-A1E6-0888172C9267}.Debug|Any CPU.Build.0 = Debug|Any CPU
		{4B2085F9-C333-4E98-A1E6-0888172C9267}.Release|Any CPU.ActiveCfg = Release|Any CPU
		{4B2085F9-C333-4E98-A1E6-0888172C9267}.Release|Any CPU.Build.0 = Release|Any CPU
		{E734D409-DAF4-4EFA-90E2-AFF28E814C26}.Debug|Any CPU.ActiveCfg = Debug|Any CPU
		{E734D409-DAF4-4EFA-90E2-AFF28E814C26}.Debug|Any CPU.Build.0 = Debug|Any CPU
		{E734D409-DAF4-4EFA-90E2-AFF28E814C26}.Release|Any CPU.ActiveCfg = Release|Any CPU
		{E734D409-DAF4-4EFA-90E2-AFF28E814C26}.Release|Any CPU.Build.0 = Release|Any CPU
		{F00A64E5-FAA9-4D27-8EE0-3039878B60DD}.Debug|Any CPU.ActiveCfg = Debug|Any CPU
		{F00A64E5-FAA9-4D27-8EE0-3039878B60DD}.Debug|Any CPU.Build.0 = Debug|Any CPU
		{F00A64E5-FAA9-4D27-8EE0-3039878B60DD}.Release|Any CPU.ActiveCfg = Release|Any CPU
		{F00A64E5-FAA9-4D27-8EE0-3039878B60DD}.Release|Any CPU.Build.0 = Release|Any CPU
		{0D3B103D-5A6E-4BDD-972E-F47802A0260B}.Debug|Any CPU.ActiveCfg = Debug|Any CPU
		{0D3B103D-5A6E-4BDD-972E-F47802A0260B}.Debug|Any CPU.Build.0 = Debug|Any CPU
		{0D3B103D-5A6E-4BDD-972E-F47802A0260B}.Release|Any CPU.ActiveCfg = Release|Any CPU
		{0D3B103D-5A6E-4BDD-972E-F47802A0260B}.Release|Any CPU.Build.0 = Release|Any CPU
		{E5434F2E-6311-4EC7-B38E-7277089225A5}.Debug|Any CPU.ActiveCfg = Debug|Any CPU
		{E5434F2E-6311-4EC7-B38E-7277089225A5}.Debug|Any CPU.Build.0 = Debug|Any CPU
		{E5434F2E-6311-4EC7-B38E-7277089225A5}.Release|Any CPU.ActiveCfg = Release|Any CPU
		{E5434F2E-6311-4EC7-B38E-7277089225A5}.Release|Any CPU.Build.0 = Release|Any CPU
		{E38332BE-FD58-4BC0-AA6D-CD7BA216014A}.Debug|Any CPU.ActiveCfg = Debug|Any CPU
		{E38332BE-FD58-4BC0-AA6D-CD7BA216014A}.Debug|Any CPU.Build.0 = Debug|Any CPU
		{E38332BE-FD58-4BC0-AA6D-CD7BA216014A}.Release|Any CPU.ActiveCfg = Release|Any CPU
		{E38332BE-FD58-4BC0-AA6D-CD7BA216014A}.Release|Any CPU.Build.0 = Release|Any CPU
		{916DCA50-5C57-4A23-A105-D43933FE7D2F}.Debug|Any CPU.ActiveCfg = Debug|Any CPU
		{916DCA50-5C57-4A23-A105-D43933FE7D2F}.Debug|Any CPU.Build.0 = Debug|Any CPU
		{916DCA50-5C57-4A23-A105-D43933FE7D2F}.Release|Any CPU.ActiveCfg = Release|Any CPU
		{916DCA50-5C57-4A23-A105-D43933FE7D2F}.Release|Any CPU.Build.0 = Release|Any CPU
		{1EDF45EB-9962-4A8B-B8F7-DF111D13CDA2}.Debug|Any CPU.ActiveCfg = Debug|Any CPU
		{1EDF45EB-9962-4A8B-B8F7-DF111D13CDA2}.Debug|Any CPU.Build.0 = Debug|Any CPU
		{1EDF45EB-9962-4A8B-B8F7-DF111D13CDA2}.Release|Any CPU.ActiveCfg = Release|Any CPU
		{1EDF45EB-9962-4A8B-B8F7-DF111D13CDA2}.Release|Any CPU.Build.0 = Release|Any CPU
		{682F9534-A3D8-40CF-8B2E-EC5D414455B0}.Debug|Any CPU.ActiveCfg = Debug|Any CPU
		{682F9534-A3D8-40CF-8B2E-EC5D414455B0}.Debug|Any CPU.Build.0 = Debug|Any CPU
		{682F9534-A3D8-40CF-8B2E-EC5D414455B0}.Release|Any CPU.ActiveCfg = Release|Any CPU
		{682F9534-A3D8-40CF-8B2E-EC5D414455B0}.Release|Any CPU.Build.0 = Release|Any CPU
		{DB445B1C-FA9A-4BE3-A9B2-187FAB2A33AC}.Debug|Any CPU.ActiveCfg = Debug|Any CPU
		{DB445B1C-FA9A-4BE3-A9B2-187FAB2A33AC}.Debug|Any CPU.Build.0 = Debug|Any CPU
		{DB445B1C-FA9A-4BE3-A9B2-187FAB2A33AC}.Release|Any CPU.ActiveCfg = Release|Any CPU
		{DB445B1C-FA9A-4BE3-A9B2-187FAB2A33AC}.Release|Any CPU.Build.0 = Release|Any CPU
		{74228211-7A54-45E0-B19A-10902817CDB0}.Debug|Any CPU.ActiveCfg = Debug|Any CPU
		{74228211-7A54-45E0-B19A-10902817CDB0}.Debug|Any CPU.Build.0 = Debug|Any CPU
		{74228211-7A54-45E0-B19A-10902817CDB0}.Release|Any CPU.ActiveCfg = Release|Any CPU
		{74228211-7A54-45E0-B19A-10902817CDB0}.Release|Any CPU.Build.0 = Release|Any CPU
		{57CE6865-373D-4E90-9E43-9FB3787BA8F1}.Debug|Any CPU.ActiveCfg = Debug|Any CPU
		{57CE6865-373D-4E90-9E43-9FB3787BA8F1}.Debug|Any CPU.Build.0 = Debug|Any CPU
		{57CE6865-373D-4E90-9E43-9FB3787BA8F1}.Release|Any CPU.ActiveCfg = Release|Any CPU
		{57CE6865-373D-4E90-9E43-9FB3787BA8F1}.Release|Any CPU.Build.0 = Release|Any CPU
		{2A53787D-8710-43EE-B0CF-DA3CAD897F5A}.Debug|Any CPU.ActiveCfg = Debug|Any CPU
		{2A53787D-8710-43EE-B0CF-DA3CAD897F5A}.Debug|Any CPU.Build.0 = Debug|Any CPU
		{2A53787D-8710-43EE-B0CF-DA3CAD897F5A}.Release|Any CPU.ActiveCfg = Release|Any CPU
		{2A53787D-8710-43EE-B0CF-DA3CAD897F5A}.Release|Any CPU.Build.0 = Release|Any CPU
		{EDF1E27B-7982-4124-800A-98E6F2F6463C}.Debug|Any CPU.ActiveCfg = Debug|Any CPU
		{EDF1E27B-7982-4124-800A-98E6F2F6463C}.Debug|Any CPU.Build.0 = Debug|Any CPU
		{EDF1E27B-7982-4124-800A-98E6F2F6463C}.Release|Any CPU.ActiveCfg = Release|Any CPU
		{EDF1E27B-7982-4124-800A-98E6F2F6463C}.Release|Any CPU.Build.0 = Release|Any CPU
		{442D654B-504C-40F9-A373-10BD2202DE8F}.Debug|Any CPU.ActiveCfg = Debug|Any CPU
		{442D654B-504C-40F9-A373-10BD2202DE8F}.Debug|Any CPU.Build.0 = Debug|Any CPU
		{442D654B-504C-40F9-A373-10BD2202DE8F}.Release|Any CPU.ActiveCfg = Release|Any CPU
		{442D654B-504C-40F9-A373-10BD2202DE8F}.Release|Any CPU.Build.0 = Release|Any CPU
	EndGlobalSection
	GlobalSection(SolutionProperties) = preSolution
		HideSolutionNode = FALSE
	EndGlobalSection
	GlobalSection(NestedProjects) = preSolution
		{2FD89E72-7B96-44D2-934F-8F0BF5B2E96E} = {1BB944C9-68E3-4F02-BDC0-5A4C7571308D}
		{4B2085F9-C333-4E98-A1E6-0888172C9267} = {1BB944C9-68E3-4F02-BDC0-5A4C7571308D}
		{E734D409-DAF4-4EFA-90E2-AFF28E814C26} = {1BB944C9-68E3-4F02-BDC0-5A4C7571308D}
		{AD993E08-03E9-437B-BAF7-EBC0244F7265} = {9BD97A2C-C82E-4BBB-8BF5-E82C5821EDD7}
		{F00A64E5-FAA9-4D27-8EE0-3039878B60DD} = {AD993E08-03E9-437B-BAF7-EBC0244F7265}
		{0AAC33F2-4969-4300-B43D-F503C58AF6F4} = {9BD97A2C-C82E-4BBB-8BF5-E82C5821EDD7}
		{0D3B103D-5A6E-4BDD-972E-F47802A0260B} = {0AAC33F2-4969-4300-B43D-F503C58AF6F4}
		{E5434F2E-6311-4EC7-B38E-7277089225A5} = {0AAC33F2-4969-4300-B43D-F503C58AF6F4}
		{E38332BE-FD58-4BC0-AA6D-CD7BA216014A} = {0AAC33F2-4969-4300-B43D-F503C58AF6F4}
		{70569B58-467C-4A02-957D-127BD6A9CF8F} = {9BD97A2C-C82E-4BBB-8BF5-E82C5821EDD7}
		{916DCA50-5C57-4A23-A105-D43933FE7D2F} = {70569B58-467C-4A02-957D-127BD6A9CF8F}
		{1EDF45EB-9962-4A8B-B8F7-DF111D13CDA2} = {70569B58-467C-4A02-957D-127BD6A9CF8F}
		{682F9534-A3D8-40CF-8B2E-EC5D414455B0} = {70569B58-467C-4A02-957D-127BD6A9CF8F}
		{DB445B1C-FA9A-4BE3-A9B2-187FAB2A33AC} = {AD993E08-03E9-437B-BAF7-EBC0244F7265}
		{278E284F-D777-49DE-99BC-065EBED7CCC3} = {9BD97A2C-C82E-4BBB-8BF5-E82C5821EDD7}
		{74228211-7A54-45E0-B19A-10902817CDB0} = {278E284F-D777-49DE-99BC-065EBED7CCC3}
		{57CE6865-373D-4E90-9E43-9FB3787BA8F1} = {278E284F-D777-49DE-99BC-065EBED7CCC3}
		{2A53787D-8710-43EE-B0CF-DA3CAD897F5A} = {278E284F-D777-49DE-99BC-065EBED7CCC3}
		{EDF1E27B-7982-4124-800A-98E6F2F6463C} = {AD993E08-03E9-437B-BAF7-EBC0244F7265}
		{442D654B-504C-40F9-A373-10BD2202DE8F} = {AD993E08-03E9-437B-BAF7-EBC0244F7265}
	EndGlobalSection
	GlobalSection(ExtensibilityGlobals) = postSolution
		SolutionGuid = {E7B78B5E-8DE2-4C73-8F18-FA540EDE69D7}
	EndGlobalSection
EndGlobal
