
Microsoft Visual Studio Solution File, Format Version 12.00
# Visual Studio Version 17
VisualStudioVersion = 17.5.33627.172
MinimumVisualStudioVersion = 10.0.40219.1
Project("{2150E333-8FDC-42A3-9474-1A3956D46DE8}") = "BACK", "BACK", "{9A88ACE1-E08A-4650-93AD-A84642F274BB}"
EndProject
Project("{2150E333-8FDC-42A3-9474-1A3956D46DE8}") = "SPR", "SPR", "{FEBCC389-15E9-45D8-894D-D105A725441A}"
EndProject
Project("{2150E333-8FDC-42A3-9474-1A3956D46DE8}") = "COMMON", "COMMON", "{FA3B4DBA-EFD5-431A-B5F8-074975E4D91B}"
EndProject
Project("{2150E333-8FDC-42A3-9474-1A3956D46DE8}") = "SERVICE", "SERVICE", "{3F304EDC-E2D8-4A01-B168-01114FDF0335}"
EndProject
Project("{2150E333-8FDC-42A3-9474-1A3956D46DE8}") = "API", "API", "{C3EAE219-7C8B-4C0B-B9AA-C36E59A59874}"
EndProject
Project("{9A19103F-16F7-4668-BE54-9A1E7A4F7556}") = "BIMASAKTI_GS_API", "API\GS\BIMASAKTI_GS_API\BIMASAKTI_GS_API.csproj", "{B39B82B8-79EA-4E46-A0E6-773A908ED7E1}"
EndProject
Project("{778DAE3C-4631-46EA-AA77-85C1314464D9}") = "R_SecurityTokenBack", "BACK\GS\R_SecurityTokenBack\R_SecurityTokenBack.vbproj", "{8292E015-42AC-4180-BA4D-127210A5ED67}"
EndProject
Project("{778DAE3C-4631-46EA-AA77-85C1314464D9}") = "R_SecurityTokenCommon", "COMMON\GS\R_SecurityTokenCommon\R_SecurityTokenCommon.vbproj", "{A89F6408-4284-47DE-AF66-EFA5EEDC282A}"
EndProject
Project("{9A19103F-16F7-4668-BE54-9A1E7A4F7556}") = "R_SecurityTokenService", "SERVICE\GS\R_SecurityTokenService\R_SecurityTokenService.csproj", "{0897E7AD-C406-407C-9292-F4FD4EF33FBC}"
EndProject
Project("{778DAE3C-4631-46EA-AA77-85C1314464D9}") = "R_SecurityPolicyBack", "BACK\GS\R_SecurityPolicyBack\R_SecurityPolicyBack.vbproj", "{3599AACB-2501-46F8-8537-5C02B2429F03}"
EndProject
Project("{778DAE3C-4631-46EA-AA77-85C1314464D9}") = "R_SecurityPolicyCommon", "COMMON\GS\R_SecurityPolicyCommon\R_SecurityPolicyCommon.vbproj", "{4C79EBF6-8281-4F29-97F0-7C633690548F}"
EndProject
Project("{9A19103F-16F7-4668-BE54-9A1E7A4F7556}") = "R_SecurityPolicyService", "SERVICE\GS\R_SecurityPolicyService\R_SecurityPolicyService.csproj", "{8D885199-C202-488D-A12B-692CEB1049ED}"
EndProject
Project("{778DAE3C-4631-46EA-AA77-85C1314464D9}") = "BlazorMenuCommon", "COMMON\GS\BlazorMenuCommon\BlazorMenuCommon.vbproj", "{E1A1C36B-6C10-49D7-95F9-7261B2351064}"
EndProject
Project("{778DAE3C-4631-46EA-AA77-85C1314464D9}") = "BlazorMenuBack", "BACK\GS\BlazorMenuBack\BlazorMenuBack.vbproj", "{2C7A0F14-A204-4408-833C-332123EDF634}"
EndProject
Project("{9A19103F-16F7-4668-BE54-9A1E7A4F7556}") = "BlazorMenuService", "SERVICE\GS\BlazorMenuService\BlazorMenuService.csproj", "{8A5CA6A5-94DF-40B0-9661-081AEC0AA723}"
EndProject
Project("{2150E333-8FDC-42A3-9474-1A3956D46DE8}") = "GSM04000 - Department", "GSM04000 - Department", "{AE3EC680-026B-416E-A5C5-680E3E5F23C9}"
EndProject
Project("{9A19103F-16F7-4668-BE54-9A1E7A4F7556}") = "GSM04000Back", "BACK\GS\GSM4000Back\GSM04000Back.csproj", "{919EC910-E782-48EE-8171-FE4F6D4F3297}"
EndProject
Project("{2150E333-8FDC-42A3-9474-1A3956D46DE8}") = "GSM04000 - Department", "GSM04000 - Department", "{98AEEFCD-1E6D-4616-9F37-268ECB366C28}"
EndProject
Project("{9A19103F-16F7-4668-BE54-9A1E7A4F7556}") = "GSM04000Common", "COMMON\GS\GSM04000Common\GSM04000Common.csproj", "{61F9140C-33CB-4781-9ADD-0996976997D7}"
EndProject
Project("{2150E333-8FDC-42A3-9474-1A3956D46DE8}") = "GSM04000 - Department", "GSM04000 - Department", "{3E153131-6C3C-4253-9406-709889C7B03F}"
EndProject
Project("{9A19103F-16F7-4668-BE54-9A1E7A4F7556}") = "GSM04000Service", "SERVICE\GS\GSM04000Service\GSM04000Service.csproj", "{5ABADDD9-3E2B-4231-A407-00B97C8EC165}"
EndProject
Project("{2150E333-8FDC-42A3-9474-1A3956D46DE8}") = "PUBLIC_LOOKUP_BACK", "PUBLIC_LOOKUP_BACK", "{E159AABA-ED61-4CD9-926E-F5BF26DBE9EA}"
EndProject
Project("{9A19103F-16F7-4668-BE54-9A1E7A4F7556}") = "Lookup_GSBACK", "..\..\BS Shared Form\SOURCE\BACK\Lookup_GSBACK\Lookup_GSBACK.csproj", "{694E4189-C8B2-4427-85B2-C2F79396F611}"
EndProject
Project("{2150E333-8FDC-42A3-9474-1A3956D46DE8}") = "PUBLIC_LOOKUP_COMMON", "PUBLIC_LOOKUP_COMMON", "{4AB3CB8E-DD40-4840-A951-C6D5EA750CC2}"
EndProject
Project("{9A19103F-16F7-4668-BE54-9A1E7A4F7556}") = "Lookup_GSCOMMON", "..\..\BS Shared Form\SOURCE\BACK\Lookup_GSCOMMON\Lookup_GSCOMMON.csproj", "{A408D25F-4148-4B26-8F33-C57B1A220BAA}"
EndProject
Project("{2150E333-8FDC-42A3-9474-1A3956D46DE8}") = "PUBLIC_LOOKUP_SERVICE", "PUBLIC_LOOKUP_SERVICE", "{6B2E7DB0-3F24-4BA1-9F8C-E157357BA1C4}"
EndProject
Project("{9A19103F-16F7-4668-BE54-9A1E7A4F7556}") = "Lookup_GSSERVICES", "..\..\BS Shared Form\SOURCE\SERVICES\Lookup_GSSERVICES\Lookup_GSSERVICES.csproj", "{6232B8DB-3482-49EC-A3B1-E03877A45871}"
EndProject
Project("{2150E333-8FDC-42A3-9474-1A3956D46DE8}") = "ACTIVE_INACTIVE", "ACTIVE_INACTIVE", "{DFC0892D-1C3D-4E22-919A-D19E5E126B67}"
EndProject
Project("{9A19103F-16F7-4668-BE54-9A1E7A4F7556}") = "GFF00900BACK", "..\..\BS Shared Form\SOURCE\BACK\GFF00900BACK\GFF00900BACK.csproj", "{8B2A83D9-1945-4D44-968F-4A0DEEF4216A}"
EndProject
Project("{9A19103F-16F7-4668-BE54-9A1E7A4F7556}") = "GFF00900BackResources", "..\..\BS Shared Form\SOURCE\BACK\GFF00900BackResources\GFF00900BackResources.csproj", "{833574CE-B938-48F6-97E2-64BDDF69D947}"
EndProject
Project("{2150E333-8FDC-42A3-9474-1A3956D46DE8}") = "ACTIVE_INACTIVE_COMMON", "ACTIVE_INACTIVE_COMMON", "{48265754-9E79-4971-9985-F5BEB0FFB96A}"
EndProject
Project("{9A19103F-16F7-4668-BE54-9A1E7A4F7556}") = "GFF00900COMMON", "..\..\BS Shared Form\SOURCE\BACK\GFF00900COMMON\GFF00900COMMON.csproj", "{128A50F0-1430-4419-9A4E-F9284DE22D31}"
EndProject
Project("{2150E333-8FDC-42A3-9474-1A3956D46DE8}") = "ACTIVE_INACTIVE_SERVICE", "ACTIVE_INACTIVE_SERVICE", "{6A5111E0-2A29-4AD6-B7F5-9D900CAAC82F}"
EndProject
Project("{9A19103F-16F7-4668-BE54-9A1E7A4F7556}") = "GFF00900SERVICES", "..\..\BS Shared Form\SOURCE\SERVICES\GFF00900SERVICES\GFF00900SERVICES.csproj", "{E36F5EF8-2367-4A25-A36B-B6D6F561FBD3}"
EndProject
Project("{9A19103F-16F7-4668-BE54-9A1E7A4F7556}") = "RSP_GS_VALIDATE_USER_ACT_APPRResources", "BACK\GS\GS_SPR\RSP_GS_VALIDATE_USER_ACT_APPRResources\RSP_GS_VALIDATE_USER_ACT_APPRResources.csproj", "{EFE08A8A-EECE-4634-9342-F56FC7C410B3}"
EndProject
Project("{2150E333-8FDC-42A3-9474-1A3956D46DE8}") = "LMM00200 - User Parameter", "LMM00200 - User Parameter", "{2056A1CB-5E6B-44A3-9412-A0C5C93B0172}"
EndProject
Project("{2150E333-8FDC-42A3-9474-1A3956D46DE8}") = "LMM00200 - User Parameter", "LMM00200 - User Parameter", "{2208345B-2DB8-4BC2-8D30-64C9064A66F2}"
EndProject
Project("{2150E333-8FDC-42A3-9474-1A3956D46DE8}") = "LMM00200 - User Parameter", "LMM00200 - User Parameter", "{E13677D6-60B4-4690-A823-BA60EB6928CD}"
EndProject
Project("{9A19103F-16F7-4668-BE54-9A1E7A4F7556}") = "LMM00200Back", "BACK\LM\LMM00200Back\LMM00200Back.csproj", "{0C3272A7-5CDF-4F4D-B2D6-54F9F49FA169}"
EndProject
Project("{9A19103F-16F7-4668-BE54-9A1E7A4F7556}") = "LMM00200Common", "COMMON\LM\LMM00200Common\LMM00200Common.csproj", "{953F0C53-140C-4102-9C91-A044E8BEBF30}"
EndProject
Project("{9A19103F-16F7-4668-BE54-9A1E7A4F7556}") = "LMM00200Service", "SERVICE\LM\LMM00200Service\LMM00200Service.csproj", "{34DE44BF-2B5C-4435-8DD1-5D4B363C6B52}"
EndProject
Project("{9A19103F-16F7-4668-BE54-9A1E7A4F7556}") = "BIMASAKTI_LM_API", "API\LM\BIMASAKTI_LM_API\BIMASAKTI_LM_API.csproj", "{11FF6D4A-AF96-45D9-AA08-35F42EA3CC3E}"
EndProject
Global
	GlobalSection(SolutionConfigurationPlatforms) = preSolution
		Debug|Any CPU = Debug|Any CPU
		Release|Any CPU = Release|Any CPU
	EndGlobalSection
	GlobalSection(ProjectConfigurationPlatforms) = postSolution
		{B39B82B8-79EA-4E46-A0E6-773A908ED7E1}.Debug|Any CPU.ActiveCfg = Debug|Any CPU
		{B39B82B8-79EA-4E46-A0E6-773A908ED7E1}.Debug|Any CPU.Build.0 = Debug|Any CPU
		{B39B82B8-79EA-4E46-A0E6-773A908ED7E1}.Release|Any CPU.ActiveCfg = Release|Any CPU
		{B39B82B8-79EA-4E46-A0E6-773A908ED7E1}.Release|Any CPU.Build.0 = Release|Any CPU
		{8292E015-42AC-4180-BA4D-127210A5ED67}.Debug|Any CPU.ActiveCfg = Debug|Any CPU
		{8292E015-42AC-4180-BA4D-127210A5ED67}.Debug|Any CPU.Build.0 = Debug|Any CPU
		{8292E015-42AC-4180-BA4D-127210A5ED67}.Release|Any CPU.ActiveCfg = Release|Any CPU
		{8292E015-42AC-4180-BA4D-127210A5ED67}.Release|Any CPU.Build.0 = Release|Any CPU
		{A89F6408-4284-47DE-AF66-EFA5EEDC282A}.Debug|Any CPU.ActiveCfg = Debug|Any CPU
		{A89F6408-4284-47DE-AF66-EFA5EEDC282A}.Debug|Any CPU.Build.0 = Debug|Any CPU
		{A89F6408-4284-47DE-AF66-EFA5EEDC282A}.Release|Any CPU.ActiveCfg = Release|Any CPU
		{A89F6408-4284-47DE-AF66-EFA5EEDC282A}.Release|Any CPU.Build.0 = Release|Any CPU
		{0897E7AD-C406-407C-9292-F4FD4EF33FBC}.Debug|Any CPU.ActiveCfg = Debug|Any CPU
		{0897E7AD-C406-407C-9292-F4FD4EF33FBC}.Debug|Any CPU.Build.0 = Debug|Any CPU
		{0897E7AD-C406-407C-9292-F4FD4EF33FBC}.Release|Any CPU.ActiveCfg = Release|Any CPU
		{0897E7AD-C406-407C-9292-F4FD4EF33FBC}.Release|Any CPU.Build.0 = Release|Any CPU
		{3599AACB-2501-46F8-8537-5C02B2429F03}.Debug|Any CPU.ActiveCfg = Debug|Any CPU
		{3599AACB-2501-46F8-8537-5C02B2429F03}.Debug|Any CPU.Build.0 = Debug|Any CPU
		{3599AACB-2501-46F8-8537-5C02B2429F03}.Release|Any CPU.ActiveCfg = Release|Any CPU
		{3599AACB-2501-46F8-8537-5C02B2429F03}.Release|Any CPU.Build.0 = Release|Any CPU
		{4C79EBF6-8281-4F29-97F0-7C633690548F}.Debug|Any CPU.ActiveCfg = Debug|Any CPU
		{4C79EBF6-8281-4F29-97F0-7C633690548F}.Debug|Any CPU.Build.0 = Debug|Any CPU
		{4C79EBF6-8281-4F29-97F0-7C633690548F}.Release|Any CPU.ActiveCfg = Release|Any CPU
		{4C79EBF6-8281-4F29-97F0-7C633690548F}.Release|Any CPU.Build.0 = Release|Any CPU
		{8D885199-C202-488D-A12B-692CEB1049ED}.Debug|Any CPU.ActiveCfg = Debug|Any CPU
		{8D885199-C202-488D-A12B-692CEB1049ED}.Debug|Any CPU.Build.0 = Debug|Any CPU
		{8D885199-C202-488D-A12B-692CEB1049ED}.Release|Any CPU.ActiveCfg = Release|Any CPU
		{8D885199-C202-488D-A12B-692CEB1049ED}.Release|Any CPU.Build.0 = Release|Any CPU
		{E1A1C36B-6C10-49D7-95F9-7261B2351064}.Debug|Any CPU.ActiveCfg = Debug|Any CPU
		{E1A1C36B-6C10-49D7-95F9-7261B2351064}.Debug|Any CPU.Build.0 = Debug|Any CPU
		{E1A1C36B-6C10-49D7-95F9-7261B2351064}.Release|Any CPU.ActiveCfg = Release|Any CPU
		{E1A1C36B-6C10-49D7-95F9-7261B2351064}.Release|Any CPU.Build.0 = Release|Any CPU
		{2C7A0F14-A204-4408-833C-332123EDF634}.Debug|Any CPU.ActiveCfg = Debug|Any CPU
		{2C7A0F14-A204-4408-833C-332123EDF634}.Debug|Any CPU.Build.0 = Debug|Any CPU
		{2C7A0F14-A204-4408-833C-332123EDF634}.Release|Any CPU.ActiveCfg = Release|Any CPU
		{2C7A0F14-A204-4408-833C-332123EDF634}.Release|Any CPU.Build.0 = Release|Any CPU
		{8A5CA6A5-94DF-40B0-9661-081AEC0AA723}.Debug|Any CPU.ActiveCfg = Debug|Any CPU
		{8A5CA6A5-94DF-40B0-9661-081AEC0AA723}.Debug|Any CPU.Build.0 = Debug|Any CPU
		{8A5CA6A5-94DF-40B0-9661-081AEC0AA723}.Release|Any CPU.ActiveCfg = Release|Any CPU
		{8A5CA6A5-94DF-40B0-9661-081AEC0AA723}.Release|Any CPU.Build.0 = Release|Any CPU
		{919EC910-E782-48EE-8171-FE4F6D4F3297}.Debug|Any CPU.ActiveCfg = Debug|Any CPU
		{919EC910-E782-48EE-8171-FE4F6D4F3297}.Debug|Any CPU.Build.0 = Debug|Any CPU
		{919EC910-E782-48EE-8171-FE4F6D4F3297}.Release|Any CPU.ActiveCfg = Release|Any CPU
		{919EC910-E782-48EE-8171-FE4F6D4F3297}.Release|Any CPU.Build.0 = Release|Any CPU
		{61F9140C-33CB-4781-9ADD-0996976997D7}.Debug|Any CPU.ActiveCfg = Debug|Any CPU
		{61F9140C-33CB-4781-9ADD-0996976997D7}.Debug|Any CPU.Build.0 = Debug|Any CPU
		{61F9140C-33CB-4781-9ADD-0996976997D7}.Release|Any CPU.ActiveCfg = Release|Any CPU
		{61F9140C-33CB-4781-9ADD-0996976997D7}.Release|Any CPU.Build.0 = Release|Any CPU
		{5ABADDD9-3E2B-4231-A407-00B97C8EC165}.Debug|Any CPU.ActiveCfg = Debug|Any CPU
		{5ABADDD9-3E2B-4231-A407-00B97C8EC165}.Debug|Any CPU.Build.0 = Debug|Any CPU
		{5ABADDD9-3E2B-4231-A407-00B97C8EC165}.Release|Any CPU.ActiveCfg = Release|Any CPU
		{5ABADDD9-3E2B-4231-A407-00B97C8EC165}.Release|Any CPU.Build.0 = Release|Any CPU
		{694E4189-C8B2-4427-85B2-C2F79396F611}.Debug|Any CPU.ActiveCfg = Debug|Any CPU
		{694E4189-C8B2-4427-85B2-C2F79396F611}.Debug|Any CPU.Build.0 = Debug|Any CPU
		{694E4189-C8B2-4427-85B2-C2F79396F611}.Release|Any CPU.ActiveCfg = Release|Any CPU
		{694E4189-C8B2-4427-85B2-C2F79396F611}.Release|Any CPU.Build.0 = Release|Any CPU
		{A408D25F-4148-4B26-8F33-C57B1A220BAA}.Debug|Any CPU.ActiveCfg = Debug|Any CPU
		{A408D25F-4148-4B26-8F33-C57B1A220BAA}.Debug|Any CPU.Build.0 = Debug|Any CPU
		{A408D25F-4148-4B26-8F33-C57B1A220BAA}.Release|Any CPU.ActiveCfg = Release|Any CPU
		{A408D25F-4148-4B26-8F33-C57B1A220BAA}.Release|Any CPU.Build.0 = Release|Any CPU
		{6232B8DB-3482-49EC-A3B1-E03877A45871}.Debug|Any CPU.ActiveCfg = Debug|Any CPU
		{6232B8DB-3482-49EC-A3B1-E03877A45871}.Debug|Any CPU.Build.0 = Debug|Any CPU
		{6232B8DB-3482-49EC-A3B1-E03877A45871}.Release|Any CPU.ActiveCfg = Release|Any CPU
		{6232B8DB-3482-49EC-A3B1-E03877A45871}.Release|Any CPU.Build.0 = Release|Any CPU
		{8B2A83D9-1945-4D44-968F-4A0DEEF4216A}.Debug|Any CPU.ActiveCfg = Debug|Any CPU
		{8B2A83D9-1945-4D44-968F-4A0DEEF4216A}.Debug|Any CPU.Build.0 = Debug|Any CPU
		{8B2A83D9-1945-4D44-968F-4A0DEEF4216A}.Release|Any CPU.ActiveCfg = Release|Any CPU
		{8B2A83D9-1945-4D44-968F-4A0DEEF4216A}.Release|Any CPU.Build.0 = Release|Any CPU
		{833574CE-B938-48F6-97E2-64BDDF69D947}.Debug|Any CPU.ActiveCfg = Debug|Any CPU
		{833574CE-B938-48F6-97E2-64BDDF69D947}.Debug|Any CPU.Build.0 = Debug|Any CPU
		{833574CE-B938-48F6-97E2-64BDDF69D947}.Release|Any CPU.ActiveCfg = Release|Any CPU
		{833574CE-B938-48F6-97E2-64BDDF69D947}.Release|Any CPU.Build.0 = Release|Any CPU
		{128A50F0-1430-4419-9A4E-F9284DE22D31}.Debug|Any CPU.ActiveCfg = Debug|Any CPU
		{128A50F0-1430-4419-9A4E-F9284DE22D31}.Debug|Any CPU.Build.0 = Debug|Any CPU
		{128A50F0-1430-4419-9A4E-F9284DE22D31}.Release|Any CPU.ActiveCfg = Release|Any CPU
		{128A50F0-1430-4419-9A4E-F9284DE22D31}.Release|Any CPU.Build.0 = Release|Any CPU
		{E36F5EF8-2367-4A25-A36B-B6D6F561FBD3}.Debug|Any CPU.ActiveCfg = Debug|Any CPU
		{E36F5EF8-2367-4A25-A36B-B6D6F561FBD3}.Debug|Any CPU.Build.0 = Debug|Any CPU
		{E36F5EF8-2367-4A25-A36B-B6D6F561FBD3}.Release|Any CPU.ActiveCfg = Release|Any CPU
		{E36F5EF8-2367-4A25-A36B-B6D6F561FBD3}.Release|Any CPU.Build.0 = Release|Any CPU
		{EFE08A8A-EECE-4634-9342-F56FC7C410B3}.Debug|Any CPU.ActiveCfg = Debug|Any CPU
		{EFE08A8A-EECE-4634-9342-F56FC7C410B3}.Debug|Any CPU.Build.0 = Debug|Any CPU
		{EFE08A8A-EECE-4634-9342-F56FC7C410B3}.Release|Any CPU.ActiveCfg = Release|Any CPU
		{EFE08A8A-EECE-4634-9342-F56FC7C410B3}.Release|Any CPU.Build.0 = Release|Any CPU
		{0C3272A7-5CDF-4F4D-B2D6-54F9F49FA169}.Debug|Any CPU.ActiveCfg = Debug|Any CPU
		{0C3272A7-5CDF-4F4D-B2D6-54F9F49FA169}.Debug|Any CPU.Build.0 = Debug|Any CPU
		{0C3272A7-5CDF-4F4D-B2D6-54F9F49FA169}.Release|Any CPU.ActiveCfg = Release|Any CPU
		{0C3272A7-5CDF-4F4D-B2D6-54F9F49FA169}.Release|Any CPU.Build.0 = Release|Any CPU
		{953F0C53-140C-4102-9C91-A044E8BEBF30}.Debug|Any CPU.ActiveCfg = Debug|Any CPU
		{953F0C53-140C-4102-9C91-A044E8BEBF30}.Debug|Any CPU.Build.0 = Debug|Any CPU
		{953F0C53-140C-4102-9C91-A044E8BEBF30}.Release|Any CPU.ActiveCfg = Release|Any CPU
		{953F0C53-140C-4102-9C91-A044E8BEBF30}.Release|Any CPU.Build.0 = Release|Any CPU
		{34DE44BF-2B5C-4435-8DD1-5D4B363C6B52}.Debug|Any CPU.ActiveCfg = Debug|Any CPU
		{34DE44BF-2B5C-4435-8DD1-5D4B363C6B52}.Debug|Any CPU.Build.0 = Debug|Any CPU
		{34DE44BF-2B5C-4435-8DD1-5D4B363C6B52}.Release|Any CPU.ActiveCfg = Release|Any CPU
		{34DE44BF-2B5C-4435-8DD1-5D4B363C6B52}.Release|Any CPU.Build.0 = Release|Any CPU
		{11FF6D4A-AF96-45D9-AA08-35F42EA3CC3E}.Debug|Any CPU.ActiveCfg = Debug|Any CPU
		{11FF6D4A-AF96-45D9-AA08-35F42EA3CC3E}.Debug|Any CPU.Build.0 = Debug|Any CPU
		{11FF6D4A-AF96-45D9-AA08-35F42EA3CC3E}.Release|Any CPU.ActiveCfg = Release|Any CPU
		{11FF6D4A-AF96-45D9-AA08-35F42EA3CC3E}.Release|Any CPU.Build.0 = Release|Any CPU
	EndGlobalSection
	GlobalSection(SolutionProperties) = preSolution
		HideSolutionNode = FALSE
	EndGlobalSection
	GlobalSection(NestedProjects) = preSolution
		{B39B82B8-79EA-4E46-A0E6-773A908ED7E1} = {C3EAE219-7C8B-4C0B-B9AA-C36E59A59874}
		{8292E015-42AC-4180-BA4D-127210A5ED67} = {9A88ACE1-E08A-4650-93AD-A84642F274BB}
		{A89F6408-4284-47DE-AF66-EFA5EEDC282A} = {FA3B4DBA-EFD5-431A-B5F8-074975E4D91B}
		{0897E7AD-C406-407C-9292-F4FD4EF33FBC} = {3F304EDC-E2D8-4A01-B168-01114FDF0335}
		{3599AACB-2501-46F8-8537-5C02B2429F03} = {9A88ACE1-E08A-4650-93AD-A84642F274BB}
		{4C79EBF6-8281-4F29-97F0-7C633690548F} = {FA3B4DBA-EFD5-431A-B5F8-074975E4D91B}
		{8D885199-C202-488D-A12B-692CEB1049ED} = {3F304EDC-E2D8-4A01-B168-01114FDF0335}
		{E1A1C36B-6C10-49D7-95F9-7261B2351064} = {FA3B4DBA-EFD5-431A-B5F8-074975E4D91B}
		{2C7A0F14-A204-4408-833C-332123EDF634} = {9A88ACE1-E08A-4650-93AD-A84642F274BB}
		{8A5CA6A5-94DF-40B0-9661-081AEC0AA723} = {3F304EDC-E2D8-4A01-B168-01114FDF0335}
		{AE3EC680-026B-416E-A5C5-680E3E5F23C9} = {9A88ACE1-E08A-4650-93AD-A84642F274BB}
		{919EC910-E782-48EE-8171-FE4F6D4F3297} = {AE3EC680-026B-416E-A5C5-680E3E5F23C9}
		{98AEEFCD-1E6D-4616-9F37-268ECB366C28} = {FA3B4DBA-EFD5-431A-B5F8-074975E4D91B}
		{61F9140C-33CB-4781-9ADD-0996976997D7} = {98AEEFCD-1E6D-4616-9F37-268ECB366C28}
		{3E153131-6C3C-4253-9406-709889C7B03F} = {3F304EDC-E2D8-4A01-B168-01114FDF0335}
		{5ABADDD9-3E2B-4231-A407-00B97C8EC165} = {3E153131-6C3C-4253-9406-709889C7B03F}
		{E159AABA-ED61-4CD9-926E-F5BF26DBE9EA} = {AE3EC680-026B-416E-A5C5-680E3E5F23C9}
		{694E4189-C8B2-4427-85B2-C2F79396F611} = {E159AABA-ED61-4CD9-926E-F5BF26DBE9EA}
		{4AB3CB8E-DD40-4840-A951-C6D5EA750CC2} = {98AEEFCD-1E6D-4616-9F37-268ECB366C28}
		{A408D25F-4148-4B26-8F33-C57B1A220BAA} = {4AB3CB8E-DD40-4840-A951-C6D5EA750CC2}
		{6B2E7DB0-3F24-4BA1-9F8C-E157357BA1C4} = {3E153131-6C3C-4253-9406-709889C7B03F}
		{6232B8DB-3482-49EC-A3B1-E03877A45871} = {6B2E7DB0-3F24-4BA1-9F8C-E157357BA1C4}
		{DFC0892D-1C3D-4E22-919A-D19E5E126B67} = {9A88ACE1-E08A-4650-93AD-A84642F274BB}
		{8B2A83D9-1945-4D44-968F-4A0DEEF4216A} = {DFC0892D-1C3D-4E22-919A-D19E5E126B67}
		{833574CE-B938-48F6-97E2-64BDDF69D947} = {DFC0892D-1C3D-4E22-919A-D19E5E126B67}
		{48265754-9E79-4971-9985-F5BEB0FFB96A} = {FA3B4DBA-EFD5-431A-B5F8-074975E4D91B}
		{128A50F0-1430-4419-9A4E-F9284DE22D31} = {48265754-9E79-4971-9985-F5BEB0FFB96A}
		{6A5111E0-2A29-4AD6-B7F5-9D900CAAC82F} = {3F304EDC-E2D8-4A01-B168-01114FDF0335}
		{E36F5EF8-2367-4A25-A36B-B6D6F561FBD3} = {6A5111E0-2A29-4AD6-B7F5-9D900CAAC82F}
		{EFE08A8A-EECE-4634-9342-F56FC7C410B3} = {DFC0892D-1C3D-4E22-919A-D19E5E126B67}
		{2056A1CB-5E6B-44A3-9412-A0C5C93B0172} = {9A88ACE1-E08A-4650-93AD-A84642F274BB}
		{2208345B-2DB8-4BC2-8D30-64C9064A66F2} = {FA3B4DBA-EFD5-431A-B5F8-074975E4D91B}
		{E13677D6-60B4-4690-A823-BA60EB6928CD} = {3F304EDC-E2D8-4A01-B168-01114FDF0335}
		{0C3272A7-5CDF-4F4D-B2D6-54F9F49FA169} = {2056A1CB-5E6B-44A3-9412-A0C5C93B0172}
		{953F0C53-140C-4102-9C91-A044E8BEBF30} = {2208345B-2DB8-4BC2-8D30-64C9064A66F2}
		{34DE44BF-2B5C-4435-8DD1-5D4B363C6B52} = {E13677D6-60B4-4690-A823-BA60EB6928CD}
		{11FF6D4A-AF96-45D9-AA08-35F42EA3CC3E} = {C3EAE219-7C8B-4C0B-B9AA-C36E59A59874}
	EndGlobalSection
	GlobalSection(ExtensibilityGlobals) = postSolution
		SolutionGuid = {6A751E6C-1C1A-4FEE-8275-65D8FEC8B542}
	EndGlobalSection
EndGlobal
